// !$*UTF8*$!
{
	archiveVersion = 1;
	classes = {
	};
	objectVersion = 46;
	objects = {

/* Begin PBXBuildFile section */
		493C3FE01E25163000032378 /* Auction.swift in Sources */ = {isa = PBXBuildFile; fileRef = 493C3FDE1E25163000032378 /* Auction.swift */; };
		493C3FE11E25163000032378 /* AuctionService.swift in Sources */ = {isa = PBXBuildFile; fileRef = 493C3FDF1E25163000032378 /* AuctionService.swift */; };
		493C3FE31E25163B00032378 /* AuctionTableViewController.swift in Sources */ = {isa = PBXBuildFile; fileRef = 493C3FE21E25163B00032378 /* AuctionTableViewController.swift */; };
		49862C8B1E261FA6005FBD6C /* AuctionCell.swift in Sources */ = {isa = PBXBuildFile; fileRef = 49862C8A1E261FA6005FBD6C /* AuctionCell.swift */; };
		49DEB3BB1E23A24A00DB0EFB /* AppDelegate.swift in Sources */ = {isa = PBXBuildFile; fileRef = 49DEB3BA1E23A24A00DB0EFB /* AppDelegate.swift */; };
		49DEB3BD1E23A24A00DB0EFB /* ViewController.swift in Sources */ = {isa = PBXBuildFile; fileRef = 49DEB3BC1E23A24A00DB0EFB /* ViewController.swift */; };
		49DEB3C01E23A24A00DB0EFB /* Main.storyboard in Resources */ = {isa = PBXBuildFile; fileRef = 49DEB3BE1E23A24A00DB0EFB /* Main.storyboard */; };
		49DEB3C21E23A24A00DB0EFB /* Assets.xcassets in Resources */ = {isa = PBXBuildFile; fileRef = 49DEB3C11E23A24A00DB0EFB /* Assets.xcassets */; };
		49DEB3C51E23A24A00DB0EFB /* LaunchScreen.storyboard in Resources */ = {isa = PBXBuildFile; fileRef = 49DEB3C31E23A24A00DB0EFB /* LaunchScreen.storyboard */; };
		DC90E9EF8E1B8413AEA2A427 /* Pods_auction.framework in Frameworks */ = {isa = PBXBuildFile; fileRef = CDCD5727C3BB0991DDB94E8E /* Pods_auction.framework */; };
/* End PBXBuildFile section */

/* Begin PBXFileReference section */
		197474DB74641C447C40C901 /* Pods-auction.debug.xcconfig */ = {isa = PBXFileReference; includeInIndex = 1; lastKnownFileType = text.xcconfig; name = "Pods-auction.debug.xcconfig"; path = "Pods/Target Support Files/Pods-auction/Pods-auction.debug.xcconfig"; sourceTree = "<group>"; };
		493C3FDE1E25163000032378 /* Auction.swift */ = {isa = PBXFileReference; fileEncoding = 4; lastKnownFileType = sourcecode.swift; name = Auction.swift; path = auction/Auction.swift; sourceTree = "<group>"; };
		493C3FDF1E25163000032378 /* AuctionService.swift */ = {isa = PBXFileReference; fileEncoding = 4; lastKnownFileType = sourcecode.swift; name = AuctionService.swift; path = auction/AuctionService.swift; sourceTree = "<group>"; };
		493C3FE21E25163B00032378 /* AuctionTableViewController.swift */ = {isa = PBXFileReference; fileEncoding = 4; lastKnownFileType = sourcecode.swift; path = AuctionTableViewController.swift; sourceTree = "<group>"; };
		49862C8A1E261FA6005FBD6C /* AuctionCell.swift */ = {isa = PBXFileReference; fileEncoding = 4; lastKnownFileType = sourcecode.swift; path = AuctionCell.swift; sourceTree = "<group>"; };
		49DEB3B71E23A24A00DB0EFB /* auction.app */ = {isa = PBXFileReference; explicitFileType = wrapper.application; includeInIndex = 0; path = auction.app; sourceTree = BUILT_PRODUCTS_DIR; };
		49DEB3BA1E23A24A00DB0EFB /* AppDelegate.swift */ = {isa = PBXFileReference; lastKnownFileType = sourcecode.swift; path = AppDelegate.swift; sourceTree = "<group>"; };
		49DEB3BC1E23A24A00DB0EFB /* ViewController.swift */ = {isa = PBXFileReference; lastKnownFileType = sourcecode.swift; path = ViewController.swift; sourceTree = "<group>"; };
		49DEB3BF1E23A24A00DB0EFB /* Base */ = {isa = PBXFileReference; lastKnownFileType = file.storyboard; name = Base; path = Base.lproj/Main.storyboard; sourceTree = "<group>"; };
		49DEB3C11E23A24A00DB0EFB /* Assets.xcassets */ = {isa = PBXFileReference; lastKnownFileType = folder.assetcatalog; path = Assets.xcassets; sourceTree = "<group>"; };
		49DEB3C41E23A24A00DB0EFB /* Base */ = {isa = PBXFileReference; lastKnownFileType = file.storyboard; name = Base; path = Base.lproj/LaunchScreen.storyboard; sourceTree = "<group>"; };
		49DEB3C61E23A24A00DB0EFB /* Info.plist */ = {isa = PBXFileReference; lastKnownFileType = text.plist.xml; path = Info.plist; sourceTree = "<group>"; };
		CDCD5727C3BB0991DDB94E8E /* Pods_auction.framework */ = {isa = PBXFileReference; explicitFileType = wrapper.framework; includeInIndex = 0; path = Pods_auction.framework; sourceTree = BUILT_PRODUCTS_DIR; };
		F41CEFC304A3213E0C961503 /* Pods-auction.release.xcconfig */ = {isa = PBXFileReference; includeInIndex = 1; lastKnownFileType = text.xcconfig; name = "Pods-auction.release.xcconfig"; path = "Pods/Target Support Files/Pods-auction/Pods-auction.release.xcconfig"; sourceTree = "<group>"; };
/* End PBXFileReference section */

/* Begin PBXFrameworksBuildPhase section */
		49DEB3B41E23A24A00DB0EFB /* Frameworks */ = {
			isa = PBXFrameworksBuildPhase;
			buildActionMask = 2147483647;
			files = (
				DC90E9EF8E1B8413AEA2A427 /* Pods_auction.framework in Frameworks */,
			);
			runOnlyForDeploymentPostprocessing = 0;
		};
/* End PBXFrameworksBuildPhase section */

/* Begin PBXGroup section */
		229053B0208CD24F553A81B3 /* Pods */ = {
			isa = PBXGroup;
			children = (
				197474DB74641C447C40C901 /* Pods-auction.debug.xcconfig */,
				F41CEFC304A3213E0C961503 /* Pods-auction.release.xcconfig */,
			);
			name = Pods;
			sourceTree = "<group>";
		};
		34AFFF82012058CD8ECC80EF /* Frameworks */ = {
			isa = PBXGroup;
			children = (
				CDCD5727C3BB0991DDB94E8E /* Pods_auction.framework */,
			);
			name = Frameworks;
			sourceTree = "<group>";
		};
		493C3FDD1E25161100032378 /* models */ = {
			isa = PBXGroup;
			children = (
				493C3FDE1E25163000032378 /* Auction.swift */,
				493C3FDF1E25163000032378 /* AuctionService.swift */,
				49862C8A1E261FA6005FBD6C /* AuctionCell.swift */,
			);
			name = models;
			path = ..;
			sourceTree = "<group>";
		};
		49DEB3AE1E23A24A00DB0EFB = {
			isa = PBXGroup;
			children = (
				49DEB3B91E23A24A00DB0EFB /* auction */,
				49DEB3B81E23A24A00DB0EFB /* Products */,
				229053B0208CD24F553A81B3 /* Pods */,
				34AFFF82012058CD8ECC80EF /* Frameworks */,
			);
			sourceTree = "<group>";
		};
		49DEB3B81E23A24A00DB0EFB /* Products */ = {
			isa = PBXGroup;
			children = (
				49DEB3B71E23A24A00DB0EFB /* auction.app */,
			);
			name = Products;
			sourceTree = "<group>";
		};
		49DEB3B91E23A24A00DB0EFB /* auction */ = {
			isa = PBXGroup;
			children = (
				493C3FDD1E25161100032378 /* models */,
				493C3FE21E25163B00032378 /* AuctionTableViewController.swift */,
				49DEB3BA1E23A24A00DB0EFB /* AppDelegate.swift */,
				49DEB3BC1E23A24A00DB0EFB /* ViewController.swift */,
				49DEB3BE1E23A24A00DB0EFB /* Main.storyboard */,
				49DEB3C11E23A24A00DB0EFB /* Assets.xcassets */,
				49DEB3C31E23A24A00DB0EFB /* LaunchScreen.storyboard */,
				49DEB3C61E23A24A00DB0EFB /* Info.plist */,
			);
			path = auction;
			sourceTree = "<group>";
		};
/* End PBXGroup section */

/* Begin PBXNativeTarget section */
		49DEB3B61E23A24A00DB0EFB /* auction */ = {
			isa = PBXNativeTarget;
			buildConfigurationList = 49DEB3C91E23A24A00DB0EFB /* Build configuration list for PBXNativeTarget "auction" */;
			buildPhases = (
				A746E764AE456124CC104795 /* [CP] Check Pods Manifest.lock */,
				49DEB3B31E23A24A00DB0EFB /* Sources */,
				49DEB3B41E23A24A00DB0EFB /* Frameworks */,
				49DEB3B51E23A24A00DB0EFB /* Resources */,
				4599558A096FC3E21B0121B4 /* [CP] Embed Pods Frameworks */,
				CFE2D690002344283E32F141 /* [CP] Copy Pods Resources */,
			);
			buildRules = (
			);
			dependencies = (
			);
			name = auction;
			productName = auction;
			productReference = 49DEB3B71E23A24A00DB0EFB /* auction.app */;
			productType = "com.apple.product-type.application";
		};
/* End PBXNativeTarget section */

/* Begin PBXProject section */
		49DEB3AF1E23A24A00DB0EFB /* Project object */ = {
			isa = PBXProject;
			attributes = {
				LastSwiftUpdateCheck = 0820;
				LastUpgradeCheck = 0820;
				ORGANIZATIONNAME = ik;
				TargetAttributes = {
					49DEB3B61E23A24A00DB0EFB = {
						CreatedOnToolsVersion = 8.2.1;
						DevelopmentTeam = S2BA39Q3DE;
						ProvisioningStyle = Automatic;
					};
				};
			};
			buildConfigurationList = 49DEB3B21E23A24A00DB0EFB /* Build configuration list for PBXProject "auction" */;
			compatibilityVersion = "Xcode 3.2";
			developmentRegion = English;
			hasScannedForEncodings = 0;
			knownRegions = (
				en,
				Base,
			);
			mainGroup = 49DEB3AE1E23A24A00DB0EFB;
			productRefGroup = 49DEB3B81E23A24A00DB0EFB /* Products */;
			projectDirPath = "";
			projectRoot = "";
			targets = (
				49DEB3B61E23A24A00DB0EFB /* auction */,
			);
		};
/* End PBXProject section */

/* Begin PBXResourcesBuildPhase section */
		49DEB3B51E23A24A00DB0EFB /* Resources */ = {
			isa = PBXResourcesBuildPhase;
			buildActionMask = 2147483647;
			files = (
				49DEB3C51E23A24A00DB0EFB /* LaunchScreen.storyboard in Resources */,
				49DEB3C21E23A24A00DB0EFB /* Assets.xcassets in Resources */,
				49DEB3C01E23A24A00DB0EFB /* Main.storyboard in Resources */,
			);
			runOnlyForDeploymentPostprocessing = 0;
		};
/* End PBXResourcesBuildPhase section */

/* Begin PBXShellScriptBuildPhase section */
		4599558A096FC3E21B0121B4 /* [CP] Embed Pods Frameworks */ = {
			isa = PBXShellScriptBuildPhase;
			buildActionMask = 2147483647;
			files = (
			);
			inputPaths = (
			);
			name = "[CP] Embed Pods Frameworks";
			outputPaths = (
			);
			runOnlyForDeploymentPostprocessing = 0;
			shellPath = /bin/sh;
			shellScript = "\"${SRCROOT}/Pods/Target Support Files/Pods-auction/Pods-auction-frameworks.sh\"\n";
			showEnvVarsInLog = 0;
		};
		A746E764AE456124CC104795 /* [CP] Check Pods Manifest.lock */ = {
			isa = PBXShellScriptBuildPhase;
			buildActionMask = 2147483647;
			files = (
			);
			inputPaths = (
			);
			name = "[CP] Check Pods Manifest.lock";
			outputPaths = (
			);
			runOnlyForDeploymentPostprocessing = 0;
			shellPath = /bin/sh;
			shellScript = "diff \"${PODS_ROOT}/../Podfile.lock\" \"${PODS_ROOT}/Manifest.lock\" > /dev/null\nif [ $? != 0 ] ; then\n    # print error to STDERR\n    echo \"error: The sandbox is not in sync with the Podfile.lock. Run 'pod install' or update your CocoaPods installation.\" >&2\n    exit 1\nfi\n";
			showEnvVarsInLog = 0;
		};
		CFE2D690002344283E32F141 /* [CP] Copy Pods Resources */ = {
			isa = PBXShellScriptBuildPhase;
			buildActionMask = 2147483647;
			files = (
			);
			inputPaths = (
			);
			name = "[CP] Copy Pods Resources";
			outputPaths = (
			);
			runOnlyForDeploymentPostprocessing = 0;
			shellPath = /bin/sh;
			shellScript = "\"${SRCROOT}/Pods/Target Support Files/Pods-auction/Pods-auction-resources.sh\"\n";
			showEnvVarsInLog = 0;
		};
/* End PBXShellScriptBuildPhase section */

/* Begin PBXSourcesBuildPhase section */
		49DEB3B31E23A24A00DB0EFB /* Sources */ = {
			isa = PBXSourcesBuildPhase;
			buildActionMask = 2147483647;
			files = (
				49DEB3BD1E23A24A00DB0EFB /* ViewController.swift in Sources */,
				493C3FE01E25163000032378 /* Auction.swift in Sources */,
				49DEB3BB1E23A24A00DB0EFB /* AppDelegate.swift in Sources */,
				49862C8B1E261FA6005FBD6C /* AuctionCell.swift in Sources */,
				493C3FE11E25163000032378 /* AuctionService.swift in Sources */,
				493C3FE31E25163B00032378 /* AuctionTableViewController.swift in Sources */,
			);
			runOnlyForDeploymentPostprocessing = 0;
		};
/* End PBXSourcesBuildPhase section */

/* Begin PBXVariantGroup section */
		49DEB3BE1E23A24A00DB0EFB /* Main.storyboard */ = {
			isa = PBXVariantGroup;
			children = (
				49DEB3BF1E23A24A00DB0EFB /* Base */,
			);
			name = Main.storyboard;
			sourceTree = "<group>";
		};
		49DEB3C31E23A24A00DB0EFB /* LaunchScreen.storyboard */ = {
			isa = PBXVariantGroup;
			children = (
				49DEB3C41E23A24A00DB0EFB /* Base */,
			);
			name = LaunchScreen.storyboard;
			sourceTree = "<group>";
		};
/* End PBXVariantGroup section */

/* Begin XCBuildConfiguration section */
		49DEB3C71E23A24A00DB0EFB /* Debug */ = {
			isa = XCBuildConfiguration;
			buildSettings = {
				ALWAYS_SEARCH_USER_PATHS = NO;
				CLANG_ANALYZER_NONNULL = YES;
				CLANG_CXX_LANGUAGE_STANDARD = "gnu++0x";
				CLANG_CXX_LIBRARY = "libc++";
				CLANG_ENABLE_MODULES = YES;
				CLANG_ENABLE_OBJC_ARC = YES;
				CLANG_WARN_BOOL_CONVERSION = YES;
				CLANG_WARN_CONSTANT_CONVERSION = YES;
				CLANG_WARN_DIRECT_OBJC_ISA_USAGE = YES_ERROR;
				CLANG_WARN_DOCUMENTATION_COMMENTS = YES;
				CLANG_WARN_EMPTY_BODY = YES;
				CLANG_WARN_ENUM_CONVERSION = YES;
				CLANG_WARN_INFINITE_RECURSION = YES;
				CLANG_WARN_INT_CONVERSION = YES;
				CLANG_WARN_OBJC_ROOT_CLASS = YES_ERROR;
				CLANG_WARN_SUSPICIOUS_MOVE = YES;
				CLANG_WARN_UNREACHABLE_CODE = YES;
				CLANG_WARN__DUPLICATE_METHOD_MATCH = YES;
				"CODE_SIGN_IDENTITY[sdk=iphoneos*]" = "iPhone Developer";
				COPY_PHASE_STRIP = NO;
				DEBUG_INFORMATION_FORMAT = dwarf;
				ENABLE_STRICT_OBJC_MSGSEND = YES;
				ENABLE_TESTABILITY = YES;
				GCC_C_LANGUAGE_STANDARD = gnu99;
				GCC_DYNAMIC_NO_PIC = NO;
				GCC_NO_COMMON_BLOCKS = YES;
				GCC_OPTIMIZATION_LEVEL = 0;
				GCC_PREPROCESSOR_DEFINITIONS = (
					"DEBUG=1",
					"$(inherited)",
				);
				GCC_WARN_64_TO_32_BIT_CONVERSION = YES;
				GCC_WARN_ABOUT_RETURN_TYPE = YES_ERROR;
				GCC_WARN_UNDECLARED_SELECTOR = YES;
				GCC_WARN_UNINITIALIZED_AUTOS = YES_AGGRESSIVE;
				GCC_WARN_UNUSED_FUNCTION = YES;
				GCC_WARN_UNUSED_VARIABLE = YES;
				IPHONEOS_DEPLOYMENT_TARGET = 10.2;
				MTL_ENABLE_DEBUG_INFO = YES;
				ONLY_ACTIVE_ARCH = YES;
				SDKROOT = iphoneos;
				SWIFT_ACTIVE_COMPILATION_CONDITIONS = DEBUG;
				SWIFT_OPTIMIZATION_LEVEL = "-Onone";
			};
			name = Debug;
		};
		49DEB3C81E23A24A00DB0EFB /* Release */ = {
			isa = XCBuildConfiguration;
			buildSettings = {
				ALWAYS_SEARCH_USER_PATHS = NO;
				CLANG_ANALYZER_NONNULL = YES;
				CLANG_CXX_LANGUAGE_STANDARD = "gnu++0x";
				CLANG_CXX_LIBRARY = "libc++";
				CLANG_ENABLE_MODULES = YES;
				CLANG_ENABLE_OBJC_ARC = YES;
				CLANG_WARN_BOOL_CONVERSION = YES;
				CLANG_WARN_CONSTANT_CONVERSION = YES;
				CLANG_WARN_DIRECT_OBJC_ISA_USAGE = YES_ERROR;
				CLANG_WARN_DOCUMENTATION_COMMENTS = YES;
				CLANG_WARN_EMPTY_BODY = YES;
				CLANG_WARN_ENUM_CONVERSION = YES;
				CLANG_WARN_INFINITE_RECURSION = YES;
				CLANG_WARN_INT_CONVERSION = YES;
				CLANG_WARN_OBJC_ROOT_CLASS = YES_ERROR;
				CLANG_WARN_SUSPICIOUS_MOVE = YES;
				CLANG_WARN_UNREACHABLE_CODE = YES;
				CLANG_WARN__DUPLICATE_METHOD_MATCH = YES;
				"CODE_SIGN_IDENTITY[sdk=iphoneos*]" = "iPhone Developer";
				COPY_PHASE_STRIP = NO;
				DEBUG_INFORMATION_FORMAT = "dwarf-with-dsym";
				ENABLE_NS_ASSERTIONS = NO;
				ENABLE_STRICT_OBJC_MSGSEND = YES;
				GCC_C_LANGUAGE_STANDARD = gnu99;
				GCC_NO_COMMON_BLOCKS = YES;
				GCC_WARN_64_TO_32_BIT_CONVERSION = YES;
				GCC_WARN_ABOUT_RETURN_TYPE = YES_ERROR;
				GCC_WARN_UNDECLARED_SELECTOR = YES;
				GCC_WARN_UNINITIALIZED_AUTOS = YES_AGGRESSIVE;
				GCC_WARN_UNUSED_FUNCTION = YES;
				GCC_WARN_UNUSED_VARIABLE = YES;
				IPHONEOS_DEPLOYMENT_TARGET = 10.2;
				MTL_ENABLE_DEBUG_INFO = NO;
				SDKROOT = iphoneos;
				SWIFT_OPTIMIZATION_LEVEL = "-Owholemodule";
				VALIDATE_PRODUCT = YES;
			};
			name = Release;
		};
		49DEB3CA1E23A24A00DB0EFB /* Debug */ = {
			isa = XCBuildConfiguration;
			baseConfigurationReference = 197474DB74641C447C40C901 /* Pods-auction.debug.xcconfig */;
			buildSettings = {
				ASSETCATALOG_COMPILER_APPICON_NAME = AppIcon;
				DEVELOPMENT_TEAM = S2BA39Q3DE;
				INFOPLIST_FILE = auction/Info.plist;
				LD_RUNPATH_SEARCH_PATHS = "$(inherited) @executable_path/Frameworks";
				PRODUCT_BUNDLE_IDENTIFIER = com.ik.auction;
				PRODUCT_NAME = "$(TARGET_NAME)";
				SWIFT_VERSION = 3.0;
			};
			name = Debug;
		};
		49DEB3CB1E23A24A00DB0EFB /* Release */ = {
			isa = XCBuildConfiguration;
			baseConfigurationReference = F41CEFC304A3213E0C961503 /* Pods-auction.release.xcconfig */;
			buildSettings = {
				ASSETCATALOG_COMPILER_APPICON_NAME = AppIcon;
				DEVELOPMENT_TEAM = S2BA39Q3DE;
				INFOPLIST_FILE = auction/Info.plist;
				LD_RUNPATH_SEARCH_PATHS = "$(inherited) @executable_path/Frameworks";
				PRODUCT_BUNDLE_IDENTIFIER = com.ik.auction;
				PRODUCT_NAME = "$(TARGET_NAME)";
				SWIFT_VERSION = 3.0;
			};
			name = Release;
		};
/* End XCBuildConfiguration section */

/* Begin XCConfigurationList section */
		49DEB3B21E23A24A00DB0EFB /* Build configuration list for PBXProject "auction" */ = {
			isa = XCConfigurationList;
			buildConfigurations = (
				49DEB3C71E23A24A00DB0EFB /* Debug */,
				49DEB3C81E23A24A00DB0EFB /* Release */,
			);
			defaultConfigurationIsVisible = 0;
			defaultConfigurationName = Release;
		};
		49DEB3C91E23A24A00DB0EFB /* Build configuration list for PBXNativeTarget "auction" */ = {
			isa = XCConfigurationList;
			buildConfigurations = (
				49DEB3CA1E23A24A00DB0EFB /* Debug */,
				49DEB3CB1E23A24A00DB0EFB /* Release */,
			);
			defaultConfigurationIsVisible = 0;
			defaultConfigurationName = Release;
		};
/* End XCConfigurationList section */
	};
	rootObject = 49DEB3AF1E23A24A00DB0EFB /* Project object */;
}
